
Microsoft Visual Studio Solution File, Format Version 12.00
# Visual Studio Version 17
VisualStudioVersion = 17.1.32228.430
MinimumVisualStudioVersion = 10.0.40219.1
Project("{9A19103F-16F7-4668-BE54-9A1E7A4F7556}") = "IRO.XWebView.Core", "src\IRO.XWebView.Core\IRO.XWebView.Core.csproj", "{0C53AF9D-E64F-4A1E-9E73-AA3C646B44D6}"
EndProject
Project("{2150E333-8FDC-42A3-9474-1A3956D46DE8}") = "Tests", "Tests", "{8710B8F7-F7E0-4426-A255-2BC113FB6040}"
EndProject
Project("{9A19103F-16F7-4668-BE54-9A1E7A4F7556}") = "IRO.Tests.XWebView.Core", "tests\IRO.Tests.XWebView.Core\IRO.Tests.XWebView.Core.csproj", "{AB37D27B-1BA4-4721-986C-6B3472BFD917}"
EndProject
Project("{2150E333-8FDC-42A3-9474-1A3956D46DE8}") = "Extensions", "Extensions", "{DE89D182-B118-46D3-88B1-59E52402E7BE}"
EndProject
Project("{9A19103F-16F7-4668-BE54-9A1E7A4F7556}") = "IRO.XWebView.CefSharp", "src\IRO.XWebView.CefSharp\IRO.XWebView.CefSharp.csproj", "{496BF0DB-68F7-488B-9E8D-EADB34F301B9}"
EndProject
Project("{2150E333-8FDC-42A3-9474-1A3956D46DE8}") = "Utils", "Utils", "{43D565B6-5EAE-47B5-A712-D2CB732D4363}"
EndProject
Project("{9A19103F-16F7-4668-BE54-9A1E7A4F7556}") = "IRO.XWebView.Extensions", "src\Extensions\IRO.XWebView.Extensions\IRO.XWebView.Extensions.csproj", "{B1D25A2A-C40C-431D-8CD8-531AF2D2CAEA}"
EndProject
Project("{FAE04EC0-301F-11D3-BF4B-00C04F79EFBC}") = "IRO.Tests.XWebView.CefSharpWpf", "tests\IRO.Tests.XWebView.CefSharpWpf\IRO.Tests.XWebView.CefSharpWpf.csproj", "{33A2A851-E719-4B2D-BB9E-8F9535ACA3B8}"
EndProject
Project("{FAE04EC0-301F-11D3-BF4B-00C04F79EFBC}") = "IRO.XWebView.CefSharp.Wpf", "src\IRO.XWebView.CefSharp.Wpf\IRO.XWebView.CefSharp.Wpf.csproj", "{01DAE9B7-AC16-45EB-B8E4-1058FAF5C067}"
EndProject
Project("{9A19103F-16F7-4668-BE54-9A1E7A4F7556}") = "IRO.XWebView.CefSharp.OffScreen", "src\IRO.XWebView.CefSharp.OffScreen\IRO.XWebView.CefSharp.OffScreen.csproj", "{964D2461-1FC2-4DBC-B692-5A759ABCC078}"
EndProject
Project("{FAE04EC0-301F-11D3-BF4B-00C04F79EFBC}") = "IRO.Tests.XWebView.CefSharpOffScreen", "tests\IRO.Tests.XWebView.CefSharpOffScreen\IRO.Tests.XWebView.CefSharpOffScreen.csproj", "{F378390E-2817-4D7A-8195-7F33A8D61057}"
EndProject
Project("{FAE04EC0-301F-11D3-BF4B-00C04F79EFBC}") = "IRO.XWebView.CefSharp.WinForms", "src\IRO.XWebView.CefSharp.WinForms\IRO.XWebView.CefSharp.WinForms.csproj", "{99C38992-1274-4EE3-ADE4-B45199A306F5}"
EndProject
Project("{FAE04EC0-301F-11D3-BF4B-00C04F79EFBC}") = "IRO.Tests.XWebView.CefSharpWinForms", "tests\IRO.Tests.XWebView.CefSharpWinForms\IRO.Tests.XWebView.CefSharpWinForms.csproj", "{C055EAEA-4DB2-4336-9BEC-F0B97A0691B5}"
EndProject
Project("{2150E333-8FDC-42A3-9474-1A3956D46DE8}") = "CefSharp", "CefSharp", "{DF20775E-7652-4886-9582-8D23179271F6}"
EndProject
Project("{2150E333-8FDC-42A3-9474-1A3956D46DE8}") = "CefSharp", "CefSharp", "{F56F9075-C2AB-4618-B0D1-B06DB54A08DE}"
EndProject
Global
	GlobalSection(SolutionConfigurationPlatforms) = preSolution
		Debug|Any CPU = Debug|Any CPU
		Debug|x64 = Debug|x64
		Debug|x86 = Debug|x86
		DebugLinux|Any CPU = DebugLinux|Any CPU
		DebugLinux|x64 = DebugLinux|x64
		DebugLinux|x86 = DebugLinux|x86
		Release|Any CPU = Release|Any CPU
		Release|x64 = Release|x64
		Release|x86 = Release|x86
		ReleaseLinux|Any CPU = ReleaseLinux|Any CPU
		ReleaseLinux|x64 = ReleaseLinux|x64
		ReleaseLinux|x86 = ReleaseLinux|x86
	EndGlobalSection
	GlobalSection(ProjectConfigurationPlatforms) = postSolution
		{0C53AF9D-E64F-4A1E-9E73-AA3C646B44D6}.Debug|Any CPU.ActiveCfg = Debug|Any CPU
		{0C53AF9D-E64F-4A1E-9E73-AA3C646B44D6}.Debug|Any CPU.Build.0 = Debug|Any CPU
		{0C53AF9D-E64F-4A1E-9E73-AA3C646B44D6}.Debug|x64.ActiveCfg = Debug|x64
		{0C53AF9D-E64F-4A1E-9E73-AA3C646B44D6}.Debug|x64.Build.0 = Debug|x64
		{0C53AF9D-E64F-4A1E-9E73-AA3C646B44D6}.Debug|x86.ActiveCfg = Debug|x86
		{0C53AF9D-E64F-4A1E-9E73-AA3C646B44D6}.Debug|x86.Build.0 = Debug|x86
		{0C53AF9D-E64F-4A1E-9E73-AA3C646B44D6}.DebugLinux|Any CPU.ActiveCfg = Debug|Any CPU
		{0C53AF9D-E64F-4A1E-9E73-AA3C646B44D6}.DebugLinux|Any CPU.Build.0 = Debug|Any CPU
		{0C53AF9D-E64F-4A1E-9E73-AA3C646B44D6}.DebugLinux|x64.ActiveCfg = Debug|x64
		{0C53AF9D-E64F-4A1E-9E73-AA3C646B44D6}.DebugLinux|x64.Build.0 = Debug|x64
		{0C53AF9D-E64F-4A1E-9E73-AA3C646B44D6}.DebugLinux|x86.ActiveCfg = Debug|x86
		{0C53AF9D-E64F-4A1E-9E73-AA3C646B44D6}.DebugLinux|x86.Build.0 = Debug|x86
		{0C53AF9D-E64F-4A1E-9E73-AA3C646B44D6}.Release|Any CPU.ActiveCfg = Release|Any CPU
		{0C53AF9D-E64F-4A1E-9E73-AA3C646B44D6}.Release|Any CPU.Build.0 = Release|Any CPU
		{0C53AF9D-E64F-4A1E-9E73-AA3C646B44D6}.Release|x64.ActiveCfg = Release|x64
		{0C53AF9D-E64F-4A1E-9E73-AA3C646B44D6}.Release|x64.Build.0 = Release|x64
		{0C53AF9D-E64F-4A1E-9E73-AA3C646B44D6}.Release|x86.ActiveCfg = Release|x86
		{0C53AF9D-E64F-4A1E-9E73-AA3C646B44D6}.Release|x86.Build.0 = Release|x86
		{0C53AF9D-E64F-4A1E-9E73-AA3C646B44D6}.ReleaseLinux|Any CPU.ActiveCfg = Release|Any CPU
		{0C53AF9D-E64F-4A1E-9E73-AA3C646B44D6}.ReleaseLinux|Any CPU.Build.0 = Release|Any CPU
		{0C53AF9D-E64F-4A1E-9E73-AA3C646B44D6}.ReleaseLinux|x64.ActiveCfg = Release|x64
		{0C53AF9D-E64F-4A1E-9E73-AA3C646B44D6}.ReleaseLinux|x64.Build.0 = Release|x64
		{0C53AF9D-E64F-4A1E-9E73-AA3C646B44D6}.ReleaseLinux|x86.ActiveCfg = Release|x86
		{0C53AF9D-E64F-4A1E-9E73-AA3C646B44D6}.ReleaseLinux|x86.Build.0 = Release|x86
		{AB37D27B-1BA4-4721-986C-6B3472BFD917}.Debug|Any CPU.ActiveCfg = Debug|Any CPU
		{AB37D27B-1BA4-4721-986C-6B3472BFD917}.Debug|Any CPU.Build.0 = Debug|Any CPU
		{AB37D27B-1BA4-4721-986C-6B3472BFD917}.Debug|x64.ActiveCfg = Debug|x64
		{AB37D27B-1BA4-4721-986C-6B3472BFD917}.Debug|x64.Build.0 = Debug|x64
		{AB37D27B-1BA4-4721-986C-6B3472BFD917}.Debug|x86.ActiveCfg = Debug|x86
		{AB37D27B-1BA4-4721-986C-6B3472BFD917}.Debug|x86.Build.0 = Debug|x86
		{AB37D27B-1BA4-4721-986C-6B3472BFD917}.DebugLinux|Any CPU.ActiveCfg = Debug|Any CPU
		{AB37D27B-1BA4-4721-986C-6B3472BFD917}.DebugLinux|Any CPU.Build.0 = Debug|Any CPU
		{AB37D27B-1BA4-4721-986C-6B3472BFD917}.DebugLinux|x64.ActiveCfg = Debug|x64
		{AB37D27B-1BA4-4721-986C-6B3472BFD917}.DebugLinux|x64.Build.0 = Debug|x64
		{AB37D27B-1BA4-4721-986C-6B3472BFD917}.DebugLinux|x86.ActiveCfg = Debug|x86
		{AB37D27B-1BA4-4721-986C-6B3472BFD917}.DebugLinux|x86.Build.0 = Debug|x86
		{AB37D27B-1BA4-4721-986C-6B3472BFD917}.Release|Any CPU.ActiveCfg = Release|Any CPU
		{AB37D27B-1BA4-4721-986C-6B3472BFD917}.Release|Any CPU.Build.0 = Release|Any CPU
		{AB37D27B-1BA4-4721-986C-6B3472BFD917}.Release|x64.ActiveCfg = Release|x64
		{AB37D27B-1BA4-4721-986C-6B3472BFD917}.Release|x64.Build.0 = Release|x64
		{AB37D27B-1BA4-4721-986C-6B3472BFD917}.Release|x86.ActiveCfg = Release|x86
		{AB37D27B-1BA4-4721-986C-6B3472BFD917}.Release|x86.Build.0 = Release|x86
		{AB37D27B-1BA4-4721-986C-6B3472BFD917}.ReleaseLinux|Any CPU.ActiveCfg = Release|Any CPU
		{AB37D27B-1BA4-4721-986C-6B3472BFD917}.ReleaseLinux|Any CPU.Build.0 = Release|Any CPU
		{AB37D27B-1BA4-4721-986C-6B3472BFD917}.ReleaseLinux|x64.ActiveCfg = Release|x64
		{AB37D27B-1BA4-4721-986C-6B3472BFD917}.ReleaseLinux|x64.Build.0 = Release|x64
		{AB37D27B-1BA4-4721-986C-6B3472BFD917}.ReleaseLinux|x86.ActiveCfg = Release|x86
		{AB37D27B-1BA4-4721-986C-6B3472BFD917}.ReleaseLinux|x86.Build.0 = Release|x86
		{496BF0DB-68F7-488B-9E8D-EADB34F301B9}.Debug|Any CPU.ActiveCfg = Debug|Any CPU
		{496BF0DB-68F7-488B-9E8D-EADB34F301B9}.Debug|Any CPU.Build.0 = Debug|Any CPU
		{496BF0DB-68F7-488B-9E8D-EADB34F301B9}.Debug|x64.ActiveCfg = Debug|x64
		{496BF0DB-68F7-488B-9E8D-EADB34F301B9}.Debug|x64.Build.0 = Debug|x64
		{496BF0DB-68F7-488B-9E8D-EADB34F301B9}.Debug|x86.ActiveCfg = Debug|x86
		{496BF0DB-68F7-488B-9E8D-EADB34F301B9}.Debug|x86.Build.0 = Debug|x86
		{496BF0DB-68F7-488B-9E8D-EADB34F301B9}.DebugLinux|Any CPU.ActiveCfg = Debug|Any CPU
		{496BF0DB-68F7-488B-9E8D-EADB34F301B9}.DebugLinux|Any CPU.Build.0 = Debug|Any CPU
		{496BF0DB-68F7-488B-9E8D-EADB34F301B9}.DebugLinux|x64.ActiveCfg = Debug|x64
		{496BF0DB-68F7-488B-9E8D-EADB34F301B9}.DebugLinux|x64.Build.0 = Debug|x64
		{496BF0DB-68F7-488B-9E8D-EADB34F301B9}.DebugLinux|x86.ActiveCfg = Debug|x86
		{496BF0DB-68F7-488B-9E8D-EADB34F301B9}.DebugLinux|x86.Build.0 = Debug|x86
		{496BF0DB-68F7-488B-9E8D-EADB34F301B9}.Release|Any CPU.ActiveCfg = Release|Any CPU
		{496BF0DB-68F7-488B-9E8D-EADB34F301B9}.Release|Any CPU.Build.0 = Release|Any CPU
		{496BF0DB-68F7-488B-9E8D-EADB34F301B9}.Release|x64.ActiveCfg = Release|x64
		{496BF0DB-68F7-488B-9E8D-EADB34F301B9}.Release|x64.Build.0 = Release|x64
		{496BF0DB-68F7-488B-9E8D-EADB34F301B9}.Release|x86.ActiveCfg = Release|x86
		{496BF0DB-68F7-488B-9E8D-EADB34F301B9}.Release|x86.Build.0 = Release|x86
		{496BF0DB-68F7-488B-9E8D-EADB34F301B9}.ReleaseLinux|Any CPU.ActiveCfg = Release|Any CPU
		{496BF0DB-68F7-488B-9E8D-EADB34F301B9}.ReleaseLinux|Any CPU.Build.0 = Release|Any CPU
		{496BF0DB-68F7-488B-9E8D-EADB34F301B9}.ReleaseLinux|x64.ActiveCfg = Release|x64
		{496BF0DB-68F7-488B-9E8D-EADB34F301B9}.ReleaseLinux|x64.Build.0 = Release|x64
		{496BF0DB-68F7-488B-9E8D-EADB34F301B9}.ReleaseLinux|x86.ActiveCfg = Release|x86
		{496BF0DB-68F7-488B-9E8D-EADB34F301B9}.ReleaseLinux|x86.Build.0 = Release|x86
		{B1D25A2A-C40C-431D-8CD8-531AF2D2CAEA}.Debug|Any CPU.ActiveCfg = Debug|Any CPU
		{B1D25A2A-C40C-431D-8CD8-531AF2D2CAEA}.Debug|Any CPU.Build.0 = Debug|Any CPU
		{B1D25A2A-C40C-431D-8CD8-531AF2D2CAEA}.Debug|x64.ActiveCfg = Debug|Any CPU
		{B1D25A2A-C40C-431D-8CD8-531AF2D2CAEA}.Debug|x64.Build.0 = Debug|Any CPU
		{B1D25A2A-C40C-431D-8CD8-531AF2D2CAEA}.Debug|x86.ActiveCfg = Debug|Any CPU
		{B1D25A2A-C40C-431D-8CD8-531AF2D2CAEA}.Debug|x86.Build.0 = Debug|Any CPU
		{B1D25A2A-C40C-431D-8CD8-531AF2D2CAEA}.DebugLinux|Any CPU.ActiveCfg = Debug|Any CPU
		{B1D25A2A-C40C-431D-8CD8-531AF2D2CAEA}.DebugLinux|Any CPU.Build.0 = Debug|Any CPU
		{B1D25A2A-C40C-431D-8CD8-531AF2D2CAEA}.DebugLinux|x64.ActiveCfg = Debug|Any CPU
		{B1D25A2A-C40C-431D-8CD8-531AF2D2CAEA}.DebugLinux|x64.Build.0 = Debug|Any CPU
		{B1D25A2A-C40C-431D-8CD8-531AF2D2CAEA}.DebugLinux|x86.ActiveCfg = Debug|Any CPU
		{B1D25A2A-C40C-431D-8CD8-531AF2D2CAEA}.DebugLinux|x86.Build.0 = Debug|Any CPU
		{B1D25A2A-C40C-431D-8CD8-531AF2D2CAEA}.Release|Any CPU.ActiveCfg = Release|Any CPU
		{B1D25A2A-C40C-431D-8CD8-531AF2D2CAEA}.Release|Any CPU.Build.0 = Release|Any CPU
		{B1D25A2A-C40C-431D-8CD8-531AF2D2CAEA}.Release|x64.ActiveCfg = Release|Any CPU
		{B1D25A2A-C40C-431D-8CD8-531AF2D2CAEA}.Release|x64.Build.0 = Release|Any CPU
		{B1D25A2A-C40C-431D-8CD8-531AF2D2CAEA}.Release|x86.ActiveCfg = Release|Any CPU
		{B1D25A2A-C40C-431D-8CD8-531AF2D2CAEA}.Release|x86.Build.0 = Release|Any CPU
		{B1D25A2A-C40C-431D-8CD8-531AF2D2CAEA}.ReleaseLinux|Any CPU.ActiveCfg = Release|Any CPU
		{B1D25A2A-C40C-431D-8CD8-531AF2D2CAEA}.ReleaseLinux|Any CPU.Build.0 = Release|Any CPU
		{B1D25A2A-C40C-431D-8CD8-531AF2D2CAEA}.ReleaseLinux|x64.ActiveCfg = Release|Any CPU
		{B1D25A2A-C40C-431D-8CD8-531AF2D2CAEA}.ReleaseLinux|x64.Build.0 = Release|Any CPU
		{B1D25A2A-C40C-431D-8CD8-531AF2D2CAEA}.ReleaseLinux|x86.ActiveCfg = Release|Any CPU
		{B1D25A2A-C40C-431D-8CD8-531AF2D2CAEA}.ReleaseLinux|x86.Build.0 = Release|Any CPU
		{33A2A851-E719-4B2D-BB9E-8F9535ACA3B8}.Debug|Any CPU.ActiveCfg = Debug|Any CPU
		{33A2A851-E719-4B2D-BB9E-8F9535ACA3B8}.Debug|Any CPU.Build.0 = Debug|Any CPU
		{33A2A851-E719-4B2D-BB9E-8F9535ACA3B8}.Debug|x64.ActiveCfg = Debug|x64
		{33A2A851-E719-4B2D-BB9E-8F9535ACA3B8}.Debug|x64.Build.0 = Debug|x64
		{33A2A851-E719-4B2D-BB9E-8F9535ACA3B8}.Debug|x86.ActiveCfg = Debug|Any CPU
		{33A2A851-E719-4B2D-BB9E-8F9535ACA3B8}.Debug|x86.Build.0 = Debug|Any CPU
		{33A2A851-E719-4B2D-BB9E-8F9535ACA3B8}.DebugLinux|Any CPU.ActiveCfg = Debug|Any CPU
		{33A2A851-E719-4B2D-BB9E-8F9535ACA3B8}.DebugLinux|Any CPU.Build.0 = Debug|Any CPU
		{33A2A851-E719-4B2D-BB9E-8F9535ACA3B8}.DebugLinux|x64.ActiveCfg = Debug|Any CPU
		{33A2A851-E719-4B2D-BB9E-8F9535ACA3B8}.DebugLinux|x64.Build.0 = Debug|Any CPU
		{33A2A851-E719-4B2D-BB9E-8F9535ACA3B8}.DebugLinux|x86.ActiveCfg = Debug|Any CPU
		{33A2A851-E719-4B2D-BB9E-8F9535ACA3B8}.DebugLinux|x86.Build.0 = Debug|Any CPU
		{33A2A851-E719-4B2D-BB9E-8F9535ACA3B8}.Release|Any CPU.ActiveCfg = Release|Any CPU
		{33A2A851-E719-4B2D-BB9E-8F9535ACA3B8}.Release|Any CPU.Build.0 = Release|Any CPU
		{33A2A851-E719-4B2D-BB9E-8F9535ACA3B8}.Release|x64.ActiveCfg = Release|Any CPU
		{33A2A851-E719-4B2D-BB9E-8F9535ACA3B8}.Release|x64.Build.0 = Release|Any CPU
		{33A2A851-E719-4B2D-BB9E-8F9535ACA3B8}.Release|x86.ActiveCfg = Release|Any CPU
		{33A2A851-E719-4B2D-BB9E-8F9535ACA3B8}.Release|x86.Build.0 = Release|Any CPU
		{33A2A851-E719-4B2D-BB9E-8F9535ACA3B8}.ReleaseLinux|Any CPU.ActiveCfg = Release|Any CPU
		{33A2A851-E719-4B2D-BB9E-8F9535ACA3B8}.ReleaseLinux|Any CPU.Build.0 = Release|Any CPU
		{33A2A851-E719-4B2D-BB9E-8F9535ACA3B8}.ReleaseLinux|x64.ActiveCfg = Release|Any CPU
		{33A2A851-E719-4B2D-BB9E-8F9535ACA3B8}.ReleaseLinux|x64.Build.0 = Release|Any CPU
		{33A2A851-E719-4B2D-BB9E-8F9535ACA3B8}.ReleaseLinux|x86.ActiveCfg = Release|Any CPU
		{33A2A851-E719-4B2D-BB9E-8F9535ACA3B8}.ReleaseLinux|x86.Build.0 = Release|Any CPU
		{01DAE9B7-AC16-45EB-B8E4-1058FAF5C067}.Debug|Any CPU.ActiveCfg = Debug|Any CPU
		{01DAE9B7-AC16-45EB-B8E4-1058FAF5C067}.Debug|Any CPU.Build.0 = Debug|Any CPU
		{01DAE9B7-AC16-45EB-B8E4-1058FAF5C067}.Debug|x64.ActiveCfg = Debug|x64
		{01DAE9B7-AC16-45EB-B8E4-1058FAF5C067}.Debug|x64.Build.0 = Debug|x64
		{01DAE9B7-AC16-45EB-B8E4-1058FAF5C067}.Debug|x86.ActiveCfg = Debug|Any CPU
		{01DAE9B7-AC16-45EB-B8E4-1058FAF5C067}.Debug|x86.Build.0 = Debug|Any CPU
		{01DAE9B7-AC16-45EB-B8E4-1058FAF5C067}.DebugLinux|Any CPU.ActiveCfg = Debug|Any CPU
		{01DAE9B7-AC16-45EB-B8E4-1058FAF5C067}.DebugLinux|Any CPU.Build.0 = Debug|Any CPU
		{01DAE9B7-AC16-45EB-B8E4-1058FAF5C067}.DebugLinux|x64.ActiveCfg = Debug|Any CPU
		{01DAE9B7-AC16-45EB-B8E4-1058FAF5C067}.DebugLinux|x64.Build.0 = Debug|Any CPU
		{01DAE9B7-AC16-45EB-B8E4-1058FAF5C067}.DebugLinux|x86.ActiveCfg = Debug|Any CPU
		{01DAE9B7-AC16-45EB-B8E4-1058FAF5C067}.DebugLinux|x86.Build.0 = Debug|Any CPU
		{01DAE9B7-AC16-45EB-B8E4-1058FAF5C067}.Release|Any CPU.ActiveCfg = Release|Any CPU
		{01DAE9B7-AC16-45EB-B8E4-1058FAF5C067}.Release|Any CPU.Build.0 = Release|Any CPU
		{01DAE9B7-AC16-45EB-B8E4-1058FAF5C067}.Release|x64.ActiveCfg = Release|Any CPU
		{01DAE9B7-AC16-45EB-B8E4-1058FAF5C067}.Release|x64.Build.0 = Release|Any CPU
		{01DAE9B7-AC16-45EB-B8E4-1058FAF5C067}.Release|x86.ActiveCfg = Release|Any CPU
		{01DAE9B7-AC16-45EB-B8E4-1058FAF5C067}.Release|x86.Build.0 = Release|Any CPU
		{01DAE9B7-AC16-45EB-B8E4-1058FAF5C067}.ReleaseLinux|Any CPU.ActiveCfg = Release|Any CPU
		{01DAE9B7-AC16-45EB-B8E4-1058FAF5C067}.ReleaseLinux|Any CPU.Build.0 = Release|Any CPU
		{01DAE9B7-AC16-45EB-B8E4-1058FAF5C067}.ReleaseLinux|x64.ActiveCfg = Release|Any CPU
		{01DAE9B7-AC16-45EB-B8E4-1058FAF5C067}.ReleaseLinux|x64.Build.0 = Release|Any CPU
		{01DAE9B7-AC16-45EB-B8E4-1058FAF5C067}.ReleaseLinux|x86.ActiveCfg = Release|Any CPU
		{01DAE9B7-AC16-45EB-B8E4-1058FAF5C067}.ReleaseLinux|x86.Build.0 = Release|Any CPU
		{964D2461-1FC2-4DBC-B692-5A759ABCC078}.Debug|Any CPU.ActiveCfg = Debug|Any CPU
		{964D2461-1FC2-4DBC-B692-5A759ABCC078}.Debug|Any CPU.Build.0 = Debug|Any CPU
		{964D2461-1FC2-4DBC-B692-5A759ABCC078}.Debug|x64.ActiveCfg = Debug|x64
		{964D2461-1FC2-4DBC-B692-5A759ABCC078}.Debug|x64.Build.0 = Debug|x64
		{964D2461-1FC2-4DBC-B692-5A759ABCC078}.Debug|x86.ActiveCfg = Debug|x86
		{964D2461-1FC2-4DBC-B692-5A759ABCC078}.Debug|x86.Build.0 = Debug|x86
		{964D2461-1FC2-4DBC-B692-5A759ABCC078}.DebugLinux|Any CPU.ActiveCfg = Debug|Any CPU
		{964D2461-1FC2-4DBC-B692-5A759ABCC078}.DebugLinux|Any CPU.Build.0 = Debug|Any CPU
		{964D2461-1FC2-4DBC-B692-5A759ABCC078}.DebugLinux|x64.ActiveCfg = Debug|Any CPU
		{964D2461-1FC2-4DBC-B692-5A759ABCC078}.DebugLinux|x64.Build.0 = Debug|Any CPU
		{964D2461-1FC2-4DBC-B692-5A759ABCC078}.DebugLinux|x86.ActiveCfg = Debug|Any CPU
		{964D2461-1FC2-4DBC-B692-5A759ABCC078}.DebugLinux|x86.Build.0 = Debug|Any CPU
		{964D2461-1FC2-4DBC-B692-5A759ABCC078}.Release|Any CPU.ActiveCfg = Release|Any CPU
		{964D2461-1FC2-4DBC-B692-5A759ABCC078}.Release|Any CPU.Build.0 = Release|Any CPU
		{964D2461-1FC2-4DBC-B692-5A759ABCC078}.Release|x64.ActiveCfg = Release|Any CPU
		{964D2461-1FC2-4DBC-B692-5A759ABCC078}.Release|x64.Build.0 = Release|Any CPU
		{964D2461-1FC2-4DBC-B692-5A759ABCC078}.Release|x86.ActiveCfg = Release|Any CPU
		{964D2461-1FC2-4DBC-B692-5A759ABCC078}.Release|x86.Build.0 = Release|Any CPU
		{964D2461-1FC2-4DBC-B692-5A759ABCC078}.ReleaseLinux|Any CPU.ActiveCfg = Release|Any CPU
		{964D2461-1FC2-4DBC-B692-5A759ABCC078}.ReleaseLinux|Any CPU.Build.0 = Release|Any CPU
		{964D2461-1FC2-4DBC-B692-5A759ABCC078}.ReleaseLinux|x64.ActiveCfg = Release|Any CPU
		{964D2461-1FC2-4DBC-B692-5A759ABCC078}.ReleaseLinux|x64.Build.0 = Release|Any CPU
		{964D2461-1FC2-4DBC-B692-5A759ABCC078}.ReleaseLinux|x86.ActiveCfg = Release|Any CPU
		{964D2461-1FC2-4DBC-B692-5A759ABCC078}.ReleaseLinux|x86.Build.0 = Release|Any CPU
		{F378390E-2817-4D7A-8195-7F33A8D61057}.Debug|Any CPU.ActiveCfg = Debug|Any CPU
		{F378390E-2817-4D7A-8195-7F33A8D61057}.Debug|Any CPU.Build.0 = Debug|Any CPU
		{F378390E-2817-4D7A-8195-7F33A8D61057}.Debug|x64.ActiveCfg = Debug|x64
		{F378390E-2817-4D7A-8195-7F33A8D61057}.Debug|x64.Build.0 = Debug|x64
		{F378390E-2817-4D7A-8195-7F33A8D61057}.Debug|x86.ActiveCfg = Debug|Any CPU
		{F378390E-2817-4D7A-8195-7F33A8D61057}.Debug|x86.Build.0 = Debug|Any CPU
		{F378390E-2817-4D7A-8195-7F33A8D61057}.DebugLinux|Any CPU.ActiveCfg = Debug|Any CPU
		{F378390E-2817-4D7A-8195-7F33A8D61057}.DebugLinux|Any CPU.Build.0 = Debug|Any CPU
		{F378390E-2817-4D7A-8195-7F33A8D61057}.DebugLinux|x64.ActiveCfg = Debug|Any CPU
		{F378390E-2817-4D7A-8195-7F33A8D61057}.DebugLinux|x64.Build.0 = Debug|Any CPU
		{F378390E-2817-4D7A-8195-7F33A8D61057}.DebugLinux|x86.ActiveCfg = Debug|Any CPU
		{F378390E-2817-4D7A-8195-7F33A8D61057}.DebugLinux|x86.Build.0 = Debug|Any CPU
		{F378390E-2817-4D7A-8195-7F33A8D61057}.Release|Any CPU.ActiveCfg = Release|Any CPU
		{F378390E-2817-4D7A-8195-7F33A8D61057}.Release|Any CPU.Build.0 = Release|Any CPU
		{F378390E-2817-4D7A-8195-7F33A8D61057}.Release|x64.ActiveCfg = Release|Any CPU
		{F378390E-2817-4D7A-8195-7F33A8D61057}.Release|x64.Build.0 = Release|Any CPU
		{F378390E-2817-4D7A-8195-7F33A8D61057}.Release|x86.ActiveCfg = Release|Any CPU
		{F378390E-2817-4D7A-8195-7F33A8D61057}.Release|x86.Build.0 = Release|Any CPU
		{F378390E-2817-4D7A-8195-7F33A8D61057}.ReleaseLinux|Any CPU.ActiveCfg = Release|Any CPU
		{F378390E-2817-4D7A-8195-7F33A8D61057}.ReleaseLinux|Any CPU.Build.0 = Release|Any CPU
		{F378390E-2817-4D7A-8195-7F33A8D61057}.ReleaseLinux|x64.ActiveCfg = Release|Any CPU
		{F378390E-2817-4D7A-8195-7F33A8D61057}.ReleaseLinux|x64.Build.0 = Release|Any CPU
		{F378390E-2817-4D7A-8195-7F33A8D61057}.ReleaseLinux|x86.ActiveCfg = Release|Any CPU
		{F378390E-2817-4D7A-8195-7F33A8D61057}.ReleaseLinux|x86.Build.0 = Release|Any CPU
		{99C38992-1274-4EE3-ADE4-B45199A306F5}.Debug|Any CPU.ActiveCfg = Debug|Any CPU
		{99C38992-1274-4EE3-ADE4-B45199A306F5}.Debug|Any CPU.Build.0 = Debug|Any CPU
		{99C38992-1274-4EE3-ADE4-B45199A306F5}.Debug|x64.ActiveCfg = Debug|x64
		{99C38992-1274-4EE3-ADE4-B45199A306F5}.Debug|x64.Build.0 = Debug|x64
		{99C38992-1274-4EE3-ADE4-B45199A306F5}.Debug|x86.ActiveCfg = Debug|Any CPU
		{99C38992-1274-4EE3-ADE4-B45199A306F5}.Debug|x86.Build.0 = Debug|Any CPU
		{99C38992-1274-4EE3-ADE4-B45199A306F5}.DebugLinux|Any CPU.ActiveCfg = Debug|Any CPU
		{99C38992-1274-4EE3-ADE4-B45199A306F5}.DebugLinux|Any CPU.Build.0 = Debug|Any CPU
		{99C38992-1274-4EE3-ADE4-B45199A306F5}.DebugLinux|x64.ActiveCfg = Debug|Any CPU
		{99C38992-1274-4EE3-ADE4-B45199A306F5}.DebugLinux|x64.Build.0 = Debug|Any CPU
		{99C38992-1274-4EE3-ADE4-B45199A306F5}.DebugLinux|x86.ActiveCfg = Debug|Any CPU
		{99C38992-1274-4EE3-ADE4-B45199A306F5}.DebugLinux|x86.Build.0 = Debug|Any CPU
		{99C38992-1274-4EE3-ADE4-B45199A306F5}.Release|Any CPU.ActiveCfg = Release|Any CPU
		{99C38992-1274-4EE3-ADE4-B45199A306F5}.Release|Any CPU.Build.0 = Release|Any CPU
		{99C38992-1274-4EE3-ADE4-B45199A306F5}.Release|x64.ActiveCfg = Release|Any CPU
		{99C38992-1274-4EE3-ADE4-B45199A306F5}.Release|x64.Build.0 = Release|Any CPU
		{99C38992-1274-4EE3-ADE4-B45199A306F5}.Release|x86.ActiveCfg = Release|Any CPU
		{99C38992-1274-4EE3-ADE4-B45199A306F5}.Release|x86.Build.0 = Release|Any CPU
		{99C38992-1274-4EE3-ADE4-B45199A306F5}.ReleaseLinux|Any CPU.ActiveCfg = Release|Any CPU
		{99C38992-1274-4EE3-ADE4-B45199A306F5}.ReleaseLinux|Any CPU.Build.0 = Release|Any CPU
		{99C38992-1274-4EE3-ADE4-B45199A306F5}.ReleaseLinux|x64.ActiveCfg = Release|Any CPU
		{99C38992-1274-4EE3-ADE4-B45199A306F5}.ReleaseLinux|x64.Build.0 = Release|Any CPU
		{99C38992-1274-4EE3-ADE4-B45199A306F5}.ReleaseLinux|x86.ActiveCfg = Release|Any CPU
		{99C38992-1274-4EE3-ADE4-B45199A306F5}.ReleaseLinux|x86.Build.0 = Release|Any CPU
		{C055EAEA-4DB2-4336-9BEC-F0B97A0691B5}.Debug|Any CPU.ActiveCfg = Debug|Any CPU
		{C055EAEA-4DB2-4336-9BEC-F0B97A0691B5}.Debug|Any CPU.Build.0 = Debug|Any CPU
		{C055EAEA-4DB2-4336-9BEC-F0B97A0691B5}.Debug|x64.ActiveCfg = Debug|x64
		{C055EAEA-4DB2-4336-9BEC-F0B97A0691B5}.Debug|x64.Build.0 = Debug|x64
		{C055EAEA-4DB2-4336-9BEC-F0B97A0691B5}.Debug|x86.ActiveCfg = Debug|Any CPU
		{C055EAEA-4DB2-4336-9BEC-F0B97A0691B5}.Debug|x86.Build.0 = Debug|Any CPU
		{C055EAEA-4DB2-4336-9BEC-F0B97A0691B5}.DebugLinux|Any CPU.ActiveCfg = Debug|Any CPU
		{C055EAEA-4DB2-4336-9BEC-F0B97A0691B5}.DebugLinux|Any CPU.Build.0 = Debug|Any CPU
		{C055EAEA-4DB2-4336-9BEC-F0B97A0691B5}.DebugLinux|x64.ActiveCfg = Debug|Any CPU
		{C055EAEA-4DB2-4336-9BEC-F0B97A0691B5}.DebugLinux|x64.Build.0 = Debug|Any CPU
		{C055EAEA-4DB2-4336-9BEC-F0B97A0691B5}.DebugLinux|x86.ActiveCfg = Debug|Any CPU
		{C055EAEA-4DB2-4336-9BEC-F0B97A0691B5}.DebugLinux|x86.Build.0 = Debug|Any CPU
		{C055EAEA-4DB2-4336-9BEC-F0B97A0691B5}.Release|Any CPU.ActiveCfg = Release|Any CPU
		{C055EAEA-4DB2-4336-9BEC-F0B97A0691B5}.Release|Any CPU.Build.0 = Release|Any CPU
		{C055EAEA-4DB2-4336-9BEC-F0B97A0691B5}.Release|x64.ActiveCfg = Release|Any CPU
		{C055EAEA-4DB2-4336-9BEC-F0B97A0691B5}.Release|x64.Build.0 = Release|Any CPU
		{C055EAEA-4DB2-4336-9BEC-F0B97A0691B5}.Release|x86.ActiveCfg = Release|Any CPU
		{C055EAEA-4DB2-4336-9BEC-F0B97A0691B5}.Release|x86.Build.0 = Release|Any CPU
		{C055EAEA-4DB2-4336-9BEC-F0B97A0691B5}.ReleaseLinux|Any CPU.ActiveCfg = Release|Any CPU
		{C055EAEA-4DB2-4336-9BEC-F0B97A0691B5}.ReleaseLinux|Any CPU.Build.0 = Release|Any CPU
		{C055EAEA-4DB2-4336-9BEC-F0B97A0691B5}.ReleaseLinux|x64.ActiveCfg = Release|Any CPU
		{C055EAEA-4DB2-4336-9BEC-F0B97A0691B5}.ReleaseLinux|x64.Build.0 = Release|Any CPU
		{C055EAEA-4DB2-4336-9BEC-F0B97A0691B5}.ReleaseLinux|x86.ActiveCfg = Release|Any CPU
		{C055EAEA-4DB2-4336-9BEC-F0B97A0691B5}.ReleaseLinux|x86.Build.0 = Release|Any CPU
	EndGlobalSection
	GlobalSection(SolutionProperties) = preSolution
		HideSolutionNode = FALSE
	EndGlobalSection
	GlobalSection(NestedProjects) = preSolution
		{AB37D27B-1BA4-4721-986C-6B3472BFD917} = {8710B8F7-F7E0-4426-A255-2BC113FB6040}
		{496BF0DB-68F7-488B-9E8D-EADB34F301B9} = {DF20775E-7652-4886-9582-8D23179271F6}
		{B1D25A2A-C40C-431D-8CD8-531AF2D2CAEA} = {DE89D182-B118-46D3-88B1-59E52402E7BE}
		{33A2A851-E719-4B2D-BB9E-8F9535ACA3B8} = {F56F9075-C2AB-4618-B0D1-B06DB54A08DE}
		{01DAE9B7-AC16-45EB-B8E4-1058FAF5C067} = {DF20775E-7652-4886-9582-8D23179271F6}
		{964D2461-1FC2-4DBC-B692-5A759ABCC078} = {DF20775E-7652-4886-9582-8D23179271F6}
		{F378390E-2817-4D7A-8195-7F33A8D61057} = {F56F9075-C2AB-4618-B0D1-B06DB54A08DE}
		{99C38992-1274-4EE3-ADE4-B45199A306F5} = {DF20775E-7652-4886-9582-8D23179271F6}
		{C055EAEA-4DB2-4336-9BEC-F0B97A0691B5} = {F56F9075-C2AB-4618-B0D1-B06DB54A08DE}
		{F56F9075-C2AB-4618-B0D1-B06DB54A08DE} = {8710B8F7-F7E0-4426-A255-2BC113FB6040}
	EndGlobalSection
	GlobalSection(ExtensibilityGlobals) = postSolution
		SolutionGuid = {06A281A4-E888-4828-92C7-21ABBA5B603D}
	EndGlobalSection
EndGlobal
