
Microsoft Visual Studio Solution File, Format Version 12.00
# Visual Studio Version 16
VisualStudioVersion = 16.0.29001.49
MinimumVisualStudioVersion = 10.0.40219.1
Project("{9A19103F-16F7-4668-BE54-9A1E7A4F7556}") = "IRO.XWebView.Core", "src\IRO.XWebView.Core\IRO.XWebView.Core.csproj", "{0C53AF9D-E64F-4A1E-9E73-AA3C646B44D6}"
EndProject
Project("{FAE04EC0-301F-11D3-BF4B-00C04F79EFBC}") = "IRO.XWebView.Droid", "src\IRO.XWebView.Droid\IRO.XWebView.Droid.csproj", "{E536A3B4-3B0C-4070-B1BC-1CCBFD56A515}"
EndProject
Project("{2150E333-8FDC-42A3-9474-1A3956D46DE8}") = "Tests", "Tests", "{8710B8F7-F7E0-4426-A255-2BC113FB6040}"
EndProject
Project("{9A19103F-16F7-4668-BE54-9A1E7A4F7556}") = "IRO.Tests.XWebView.ConsoleApp", "tests\IRO.Tests.XWebView.ConsoleApp\IRO.Tests.XWebView.ConsoleApp.csproj", "{38FB7181-95A8-40D2-A753-07E74CD68173}"
EndProject
Project("{FAE04EC0-301F-11D3-BF4B-00C04F79EFBC}") = "IRO.Tests.XWebView.DroidApp", "tests\IRO.Tests.XWebView.DroidApp\IRO.Tests.XWebView.DroidApp.csproj", "{1D11283B-DA7D-463E-9F1A-E23C86380EF0}"
EndProject
Project("{FAE04EC0-301F-11D3-BF4B-00C04F79EFBC}") = "IRO.AndroidActivity", "src\Utils\IRO.AndroidActivity\IRO.AndroidActivity.csproj", "{40D3A3A3-05CF-45C7-A7C8-928B7961645C}"
EndProject
Project("{9A19103F-16F7-4668-BE54-9A1E7A4F7556}") = "IRO.Tests.XWebView.Core", "tests\IRO.Tests.XWebView.Core\IRO.Tests.XWebView.Core.csproj", "{AB37D27B-1BA4-4721-986C-6B3472BFD917}"
EndProject
Project("{2150E333-8FDC-42A3-9474-1A3956D46DE8}") = "Extensions", "Extensions", "{DE89D182-B118-46D3-88B1-59E52402E7BE}"
EndProject
Project("{FAE04EC0-301F-11D3-BF4B-00C04F79EFBC}") = "IRO.XWebView.Droid.OnFinestWebView", "src\Extensions\IRO.XWebView.Droid.OnFinestWebView\IRO.XWebView.Droid.OnFinestWebView.csproj", "{CADAB040-609A-4477-AD0F-C73D0F9750F2}"
EndProject
Project("{9A19103F-16F7-4668-BE54-9A1E7A4F7556}") = "IRO.XWebView.OnCefSharp", "src\IRO.XWebView.OnCefSharp\IRO.XWebView.OnCefSharp.csproj", "{496BF0DB-68F7-488B-9E8D-EADB34F301B9}"
EndProject
Project("{9A19103F-16F7-4668-BE54-9A1E7A4F7556}") = "IRO.XWebView.OnCefGlue", "src\IRO.XWebView.OnCefGlue\IRO.XWebView.OnCefGlue.csproj", "{6E6C35A2-34FA-442D-A178-167FEC73FF98}"
EndProject
Project("{9A19103F-16F7-4668-BE54-9A1E7A4F7556}") = "IRO.Tests.XWebView.ChromelyCefGlue", "tests\IRO.Tests.XWebView.ChromelyCefGlue\IRO.Tests.XWebView.ChromelyCefGlue.csproj", "{B8008F07-E471-4771-A85F-32F74A5932CE}"
EndProject
Project("{2150E333-8FDC-42A3-9474-1A3956D46DE8}") = "Utils", "Utils", "{43D565B6-5EAE-47B5-A712-D2CB732D4363}"
EndProject
Project("{2150E333-8FDC-42A3-9474-1A3956D46DE8}") = "External projects", "External projects", "{8173D483-E85E-49C0-96D4-F8AD23066A73}"
EndProject
Project("{9A19103F-16F7-4668-BE54-9A1E7A4F7556}") = "Chromely.CefGlue", "..\..\TESTS_AND_SHITCODE\ChromelyToCommit\src\Chromely.CefGlue\Chromely.CefGlue.csproj", "{E6F29002-AB53-41C6-9BA2-4BC907F60565}"
EndProject
Project("{9A19103F-16F7-4668-BE54-9A1E7A4F7556}") = "Chromely.Core", "..\..\TESTS_AND_SHITCODE\ChromelyToCommit\src\Chromely.Core\Chromely.Core.csproj", "{1B68C470-0E21-4987-A7C3-DD63CC6F547C}"
EndProject
Project("{9A19103F-16F7-4668-BE54-9A1E7A4F7556}") = "Chromely.CefGlue.Winapi", "..\..\TESTS_AND_SHITCODE\ChromelyToCommit\src\Chromely.CefGlue.Winapi\Chromely.CefGlue.Winapi.csproj", "{56CCFD7A-B292-4DC0-BB12-4AC1453E9AA5}"
EndProject
Project("{9A19103F-16F7-4668-BE54-9A1E7A4F7556}") = "Chromely.CefGlue.Gtk", "..\..\TESTS_AND_SHITCODE\ChromelyToCommit\src\Chromely.CefGlue.Gtk\Chromely.CefGlue.Gtk.csproj", "{AEBEE8B7-E17C-491A-8EE1-69D77A45C6EC}"
EndProject
Global
	GlobalSection(SolutionConfigurationPlatforms) = preSolution
		Debug|Any CPU = Debug|Any CPU
		Debug|x64 = Debug|x64
		Debug|x86 = Debug|x86
		DebugLinux|Any CPU = DebugLinux|Any CPU
		DebugLinux|x64 = DebugLinux|x64
		DebugLinux|x86 = DebugLinux|x86
		Release|Any CPU = Release|Any CPU
		Release|x64 = Release|x64
		Release|x86 = Release|x86
		ReleaseLinux|Any CPU = ReleaseLinux|Any CPU
		ReleaseLinux|x64 = ReleaseLinux|x64
		ReleaseLinux|x86 = ReleaseLinux|x86
	EndGlobalSection
	GlobalSection(ProjectConfigurationPlatforms) = postSolution
		{0C53AF9D-E64F-4A1E-9E73-AA3C646B44D6}.Debug|Any CPU.ActiveCfg = Debug|Any CPU
		{0C53AF9D-E64F-4A1E-9E73-AA3C646B44D6}.Debug|Any CPU.Build.0 = Debug|Any CPU
		{0C53AF9D-E64F-4A1E-9E73-AA3C646B44D6}.Debug|x64.ActiveCfg = Debug|x64
		{0C53AF9D-E64F-4A1E-9E73-AA3C646B44D6}.Debug|x64.Build.0 = Debug|x64
		{0C53AF9D-E64F-4A1E-9E73-AA3C646B44D6}.Debug|x86.ActiveCfg = Debug|x86
		{0C53AF9D-E64F-4A1E-9E73-AA3C646B44D6}.Debug|x86.Build.0 = Debug|x86
		{0C53AF9D-E64F-4A1E-9E73-AA3C646B44D6}.DebugLinux|Any CPU.ActiveCfg = Debug|Any CPU
		{0C53AF9D-E64F-4A1E-9E73-AA3C646B44D6}.DebugLinux|Any CPU.Build.0 = Debug|Any CPU
		{0C53AF9D-E64F-4A1E-9E73-AA3C646B44D6}.DebugLinux|x64.ActiveCfg = Debug|x64
		{0C53AF9D-E64F-4A1E-9E73-AA3C646B44D6}.DebugLinux|x64.Build.0 = Debug|x64
		{0C53AF9D-E64F-4A1E-9E73-AA3C646B44D6}.DebugLinux|x86.ActiveCfg = Debug|x86
		{0C53AF9D-E64F-4A1E-9E73-AA3C646B44D6}.DebugLinux|x86.Build.0 = Debug|x86
		{0C53AF9D-E64F-4A1E-9E73-AA3C646B44D6}.Release|Any CPU.ActiveCfg = Release|Any CPU
		{0C53AF9D-E64F-4A1E-9E73-AA3C646B44D6}.Release|Any CPU.Build.0 = Release|Any CPU
		{0C53AF9D-E64F-4A1E-9E73-AA3C646B44D6}.Release|x64.ActiveCfg = Release|x64
		{0C53AF9D-E64F-4A1E-9E73-AA3C646B44D6}.Release|x64.Build.0 = Release|x64
		{0C53AF9D-E64F-4A1E-9E73-AA3C646B44D6}.Release|x86.ActiveCfg = Release|x86
		{0C53AF9D-E64F-4A1E-9E73-AA3C646B44D6}.Release|x86.Build.0 = Release|x86
		{0C53AF9D-E64F-4A1E-9E73-AA3C646B44D6}.ReleaseLinux|Any CPU.ActiveCfg = Release|Any CPU
		{0C53AF9D-E64F-4A1E-9E73-AA3C646B44D6}.ReleaseLinux|Any CPU.Build.0 = Release|Any CPU
		{0C53AF9D-E64F-4A1E-9E73-AA3C646B44D6}.ReleaseLinux|x64.ActiveCfg = Release|x64
		{0C53AF9D-E64F-4A1E-9E73-AA3C646B44D6}.ReleaseLinux|x64.Build.0 = Release|x64
		{0C53AF9D-E64F-4A1E-9E73-AA3C646B44D6}.ReleaseLinux|x86.ActiveCfg = Release|x86
		{0C53AF9D-E64F-4A1E-9E73-AA3C646B44D6}.ReleaseLinux|x86.Build.0 = Release|x86
		{E536A3B4-3B0C-4070-B1BC-1CCBFD56A515}.Debug|Any CPU.ActiveCfg = Debug|Any CPU
		{E536A3B4-3B0C-4070-B1BC-1CCBFD56A515}.Debug|Any CPU.Build.0 = Debug|Any CPU
		{E536A3B4-3B0C-4070-B1BC-1CCBFD56A515}.Debug|x64.ActiveCfg = Debug|x64
		{E536A3B4-3B0C-4070-B1BC-1CCBFD56A515}.Debug|x64.Build.0 = Debug|x64
		{E536A3B4-3B0C-4070-B1BC-1CCBFD56A515}.Debug|x86.ActiveCfg = Debug|x86
		{E536A3B4-3B0C-4070-B1BC-1CCBFD56A515}.Debug|x86.Build.0 = Debug|x86
		{E536A3B4-3B0C-4070-B1BC-1CCBFD56A515}.DebugLinux|Any CPU.ActiveCfg = Debug|Any CPU
		{E536A3B4-3B0C-4070-B1BC-1CCBFD56A515}.DebugLinux|Any CPU.Build.0 = Debug|Any CPU
		{E536A3B4-3B0C-4070-B1BC-1CCBFD56A515}.DebugLinux|x64.ActiveCfg = Debug|x64
		{E536A3B4-3B0C-4070-B1BC-1CCBFD56A515}.DebugLinux|x64.Build.0 = Debug|x64
		{E536A3B4-3B0C-4070-B1BC-1CCBFD56A515}.DebugLinux|x86.ActiveCfg = Debug|x86
		{E536A3B4-3B0C-4070-B1BC-1CCBFD56A515}.DebugLinux|x86.Build.0 = Debug|x86
		{E536A3B4-3B0C-4070-B1BC-1CCBFD56A515}.Release|Any CPU.ActiveCfg = Release|Any CPU
		{E536A3B4-3B0C-4070-B1BC-1CCBFD56A515}.Release|Any CPU.Build.0 = Release|Any CPU
		{E536A3B4-3B0C-4070-B1BC-1CCBFD56A515}.Release|x64.ActiveCfg = Release|x64
		{E536A3B4-3B0C-4070-B1BC-1CCBFD56A515}.Release|x64.Build.0 = Release|x64
		{E536A3B4-3B0C-4070-B1BC-1CCBFD56A515}.Release|x86.ActiveCfg = Release|x86
		{E536A3B4-3B0C-4070-B1BC-1CCBFD56A515}.Release|x86.Build.0 = Release|x86
		{E536A3B4-3B0C-4070-B1BC-1CCBFD56A515}.ReleaseLinux|Any CPU.ActiveCfg = Release|Any CPU
		{E536A3B4-3B0C-4070-B1BC-1CCBFD56A515}.ReleaseLinux|Any CPU.Build.0 = Release|Any CPU
		{E536A3B4-3B0C-4070-B1BC-1CCBFD56A515}.ReleaseLinux|x64.ActiveCfg = Release|x64
		{E536A3B4-3B0C-4070-B1BC-1CCBFD56A515}.ReleaseLinux|x64.Build.0 = Release|x64
		{E536A3B4-3B0C-4070-B1BC-1CCBFD56A515}.ReleaseLinux|x86.ActiveCfg = Release|x86
		{E536A3B4-3B0C-4070-B1BC-1CCBFD56A515}.ReleaseLinux|x86.Build.0 = Release|x86
		{38FB7181-95A8-40D2-A753-07E74CD68173}.Debug|Any CPU.ActiveCfg = Debug|Any CPU
		{38FB7181-95A8-40D2-A753-07E74CD68173}.Debug|Any CPU.Build.0 = Debug|Any CPU
		{38FB7181-95A8-40D2-A753-07E74CD68173}.Debug|x64.ActiveCfg = Debug|x64
		{38FB7181-95A8-40D2-A753-07E74CD68173}.Debug|x64.Build.0 = Debug|x64
		{38FB7181-95A8-40D2-A753-07E74CD68173}.Debug|x86.ActiveCfg = Debug|x86
		{38FB7181-95A8-40D2-A753-07E74CD68173}.Debug|x86.Build.0 = Debug|x86
		{38FB7181-95A8-40D2-A753-07E74CD68173}.DebugLinux|Any CPU.ActiveCfg = Debug|Any CPU
		{38FB7181-95A8-40D2-A753-07E74CD68173}.DebugLinux|Any CPU.Build.0 = Debug|Any CPU
		{38FB7181-95A8-40D2-A753-07E74CD68173}.DebugLinux|x64.ActiveCfg = Debug|x64
		{38FB7181-95A8-40D2-A753-07E74CD68173}.DebugLinux|x64.Build.0 = Debug|x64
		{38FB7181-95A8-40D2-A753-07E74CD68173}.DebugLinux|x86.ActiveCfg = Debug|x86
		{38FB7181-95A8-40D2-A753-07E74CD68173}.DebugLinux|x86.Build.0 = Debug|x86
		{38FB7181-95A8-40D2-A753-07E74CD68173}.Release|Any CPU.ActiveCfg = Release|Any CPU
		{38FB7181-95A8-40D2-A753-07E74CD68173}.Release|Any CPU.Build.0 = Release|Any CPU
		{38FB7181-95A8-40D2-A753-07E74CD68173}.Release|x64.ActiveCfg = Release|x64
		{38FB7181-95A8-40D2-A753-07E74CD68173}.Release|x64.Build.0 = Release|x64
		{38FB7181-95A8-40D2-A753-07E74CD68173}.Release|x86.ActiveCfg = Release|x86
		{38FB7181-95A8-40D2-A753-07E74CD68173}.Release|x86.Build.0 = Release|x86
		{38FB7181-95A8-40D2-A753-07E74CD68173}.ReleaseLinux|Any CPU.ActiveCfg = Release|Any CPU
		{38FB7181-95A8-40D2-A753-07E74CD68173}.ReleaseLinux|Any CPU.Build.0 = Release|Any CPU
		{38FB7181-95A8-40D2-A753-07E74CD68173}.ReleaseLinux|x64.ActiveCfg = Release|x64
		{38FB7181-95A8-40D2-A753-07E74CD68173}.ReleaseLinux|x64.Build.0 = Release|x64
		{38FB7181-95A8-40D2-A753-07E74CD68173}.ReleaseLinux|x86.ActiveCfg = Release|x86
		{38FB7181-95A8-40D2-A753-07E74CD68173}.ReleaseLinux|x86.Build.0 = Release|x86
		{1D11283B-DA7D-463E-9F1A-E23C86380EF0}.Debug|Any CPU.ActiveCfg = Debug|Any CPU
		{1D11283B-DA7D-463E-9F1A-E23C86380EF0}.Debug|Any CPU.Build.0 = Debug|Any CPU
		{1D11283B-DA7D-463E-9F1A-E23C86380EF0}.Debug|Any CPU.Deploy.0 = Debug|Any CPU
		{1D11283B-DA7D-463E-9F1A-E23C86380EF0}.Debug|x64.ActiveCfg = Debug|x64
		{1D11283B-DA7D-463E-9F1A-E23C86380EF0}.Debug|x64.Build.0 = Debug|x64
		{1D11283B-DA7D-463E-9F1A-E23C86380EF0}.Debug|x64.Deploy.0 = Debug|x64
		{1D11283B-DA7D-463E-9F1A-E23C86380EF0}.Debug|x86.ActiveCfg = Debug|x86
		{1D11283B-DA7D-463E-9F1A-E23C86380EF0}.Debug|x86.Build.0 = Debug|x86
		{1D11283B-DA7D-463E-9F1A-E23C86380EF0}.Debug|x86.Deploy.0 = Debug|x86
		{1D11283B-DA7D-463E-9F1A-E23C86380EF0}.DebugLinux|Any CPU.ActiveCfg = Debug|Any CPU
		{1D11283B-DA7D-463E-9F1A-E23C86380EF0}.DebugLinux|Any CPU.Build.0 = Debug|Any CPU
		{1D11283B-DA7D-463E-9F1A-E23C86380EF0}.DebugLinux|Any CPU.Deploy.0 = Debug|Any CPU
		{1D11283B-DA7D-463E-9F1A-E23C86380EF0}.DebugLinux|x64.ActiveCfg = Debug|x64
		{1D11283B-DA7D-463E-9F1A-E23C86380EF0}.DebugLinux|x64.Build.0 = Debug|x64
		{1D11283B-DA7D-463E-9F1A-E23C86380EF0}.DebugLinux|x64.Deploy.0 = Debug|x64
		{1D11283B-DA7D-463E-9F1A-E23C86380EF0}.DebugLinux|x86.ActiveCfg = Debug|x86
		{1D11283B-DA7D-463E-9F1A-E23C86380EF0}.DebugLinux|x86.Build.0 = Debug|x86
		{1D11283B-DA7D-463E-9F1A-E23C86380EF0}.DebugLinux|x86.Deploy.0 = Debug|x86
		{1D11283B-DA7D-463E-9F1A-E23C86380EF0}.Release|Any CPU.ActiveCfg = Release|Any CPU
		{1D11283B-DA7D-463E-9F1A-E23C86380EF0}.Release|Any CPU.Build.0 = Release|Any CPU
		{1D11283B-DA7D-463E-9F1A-E23C86380EF0}.Release|Any CPU.Deploy.0 = Release|Any CPU
		{1D11283B-DA7D-463E-9F1A-E23C86380EF0}.Release|x64.ActiveCfg = Release|x64
		{1D11283B-DA7D-463E-9F1A-E23C86380EF0}.Release|x64.Build.0 = Release|x64
		{1D11283B-DA7D-463E-9F1A-E23C86380EF0}.Release|x64.Deploy.0 = Release|x64
		{1D11283B-DA7D-463E-9F1A-E23C86380EF0}.Release|x86.ActiveCfg = Release|x86
		{1D11283B-DA7D-463E-9F1A-E23C86380EF0}.Release|x86.Build.0 = Release|x86
		{1D11283B-DA7D-463E-9F1A-E23C86380EF0}.Release|x86.Deploy.0 = Release|x86
		{1D11283B-DA7D-463E-9F1A-E23C86380EF0}.ReleaseLinux|Any CPU.ActiveCfg = Release|Any CPU
		{1D11283B-DA7D-463E-9F1A-E23C86380EF0}.ReleaseLinux|Any CPU.Build.0 = Release|Any CPU
		{1D11283B-DA7D-463E-9F1A-E23C86380EF0}.ReleaseLinux|Any CPU.Deploy.0 = Release|Any CPU
		{1D11283B-DA7D-463E-9F1A-E23C86380EF0}.ReleaseLinux|x64.ActiveCfg = Release|x64
		{1D11283B-DA7D-463E-9F1A-E23C86380EF0}.ReleaseLinux|x64.Build.0 = Release|x64
		{1D11283B-DA7D-463E-9F1A-E23C86380EF0}.ReleaseLinux|x64.Deploy.0 = Release|x64
		{1D11283B-DA7D-463E-9F1A-E23C86380EF0}.ReleaseLinux|x86.ActiveCfg = Release|x86
		{1D11283B-DA7D-463E-9F1A-E23C86380EF0}.ReleaseLinux|x86.Build.0 = Release|x86
		{1D11283B-DA7D-463E-9F1A-E23C86380EF0}.ReleaseLinux|x86.Deploy.0 = Release|x86
		{40D3A3A3-05CF-45C7-A7C8-928B7961645C}.Debug|Any CPU.ActiveCfg = Debug|Any CPU
		{40D3A3A3-05CF-45C7-A7C8-928B7961645C}.Debug|Any CPU.Build.0 = Debug|Any CPU
		{40D3A3A3-05CF-45C7-A7C8-928B7961645C}.Debug|x64.ActiveCfg = Debug|x64
		{40D3A3A3-05CF-45C7-A7C8-928B7961645C}.Debug|x64.Build.0 = Debug|x64
		{40D3A3A3-05CF-45C7-A7C8-928B7961645C}.Debug|x86.ActiveCfg = Debug|x86
		{40D3A3A3-05CF-45C7-A7C8-928B7961645C}.Debug|x86.Build.0 = Debug|x86
		{40D3A3A3-05CF-45C7-A7C8-928B7961645C}.DebugLinux|Any CPU.ActiveCfg = Debug|Any CPU
		{40D3A3A3-05CF-45C7-A7C8-928B7961645C}.DebugLinux|Any CPU.Build.0 = Debug|Any CPU
		{40D3A3A3-05CF-45C7-A7C8-928B7961645C}.DebugLinux|x64.ActiveCfg = Debug|x64
		{40D3A3A3-05CF-45C7-A7C8-928B7961645C}.DebugLinux|x64.Build.0 = Debug|x64
		{40D3A3A3-05CF-45C7-A7C8-928B7961645C}.DebugLinux|x86.ActiveCfg = Debug|x86
		{40D3A3A3-05CF-45C7-A7C8-928B7961645C}.DebugLinux|x86.Build.0 = Debug|x86
		{40D3A3A3-05CF-45C7-A7C8-928B7961645C}.Release|Any CPU.ActiveCfg = Release|Any CPU
		{40D3A3A3-05CF-45C7-A7C8-928B7961645C}.Release|Any CPU.Build.0 = Release|Any CPU
		{40D3A3A3-05CF-45C7-A7C8-928B7961645C}.Release|x64.ActiveCfg = Release|x64
		{40D3A3A3-05CF-45C7-A7C8-928B7961645C}.Release|x64.Build.0 = Release|x64
		{40D3A3A3-05CF-45C7-A7C8-928B7961645C}.Release|x86.ActiveCfg = Release|x86
		{40D3A3A3-05CF-45C7-A7C8-928B7961645C}.Release|x86.Build.0 = Release|x86
		{40D3A3A3-05CF-45C7-A7C8-928B7961645C}.ReleaseLinux|Any CPU.ActiveCfg = Release|Any CPU
		{40D3A3A3-05CF-45C7-A7C8-928B7961645C}.ReleaseLinux|Any CPU.Build.0 = Release|Any CPU
		{40D3A3A3-05CF-45C7-A7C8-928B7961645C}.ReleaseLinux|x64.ActiveCfg = Release|x64
		{40D3A3A3-05CF-45C7-A7C8-928B7961645C}.ReleaseLinux|x64.Build.0 = Release|x64
		{40D3A3A3-05CF-45C7-A7C8-928B7961645C}.ReleaseLinux|x86.ActiveCfg = Release|x86
		{40D3A3A3-05CF-45C7-A7C8-928B7961645C}.ReleaseLinux|x86.Build.0 = Release|x86
		{AB37D27B-1BA4-4721-986C-6B3472BFD917}.Debug|Any CPU.ActiveCfg = Debug|Any CPU
		{AB37D27B-1BA4-4721-986C-6B3472BFD917}.Debug|Any CPU.Build.0 = Debug|Any CPU
		{AB37D27B-1BA4-4721-986C-6B3472BFD917}.Debug|x64.ActiveCfg = Debug|x64
		{AB37D27B-1BA4-4721-986C-6B3472BFD917}.Debug|x64.Build.0 = Debug|x64
		{AB37D27B-1BA4-4721-986C-6B3472BFD917}.Debug|x86.ActiveCfg = Debug|x86
		{AB37D27B-1BA4-4721-986C-6B3472BFD917}.Debug|x86.Build.0 = Debug|x86
		{AB37D27B-1BA4-4721-986C-6B3472BFD917}.DebugLinux|Any CPU.ActiveCfg = Debug|Any CPU
		{AB37D27B-1BA4-4721-986C-6B3472BFD917}.DebugLinux|Any CPU.Build.0 = Debug|Any CPU
		{AB37D27B-1BA4-4721-986C-6B3472BFD917}.DebugLinux|x64.ActiveCfg = Debug|x64
		{AB37D27B-1BA4-4721-986C-6B3472BFD917}.DebugLinux|x64.Build.0 = Debug|x64
		{AB37D27B-1BA4-4721-986C-6B3472BFD917}.DebugLinux|x86.ActiveCfg = Debug|x86
		{AB37D27B-1BA4-4721-986C-6B3472BFD917}.DebugLinux|x86.Build.0 = Debug|x86
		{AB37D27B-1BA4-4721-986C-6B3472BFD917}.Release|Any CPU.ActiveCfg = Release|Any CPU
		{AB37D27B-1BA4-4721-986C-6B3472BFD917}.Release|Any CPU.Build.0 = Release|Any CPU
		{AB37D27B-1BA4-4721-986C-6B3472BFD917}.Release|x64.ActiveCfg = Release|x64
		{AB37D27B-1BA4-4721-986C-6B3472BFD917}.Release|x64.Build.0 = Release|x64
		{AB37D27B-1BA4-4721-986C-6B3472BFD917}.Release|x86.ActiveCfg = Release|x86
		{AB37D27B-1BA4-4721-986C-6B3472BFD917}.Release|x86.Build.0 = Release|x86
		{AB37D27B-1BA4-4721-986C-6B3472BFD917}.ReleaseLinux|Any CPU.ActiveCfg = Release|Any CPU
		{AB37D27B-1BA4-4721-986C-6B3472BFD917}.ReleaseLinux|Any CPU.Build.0 = Release|Any CPU
		{AB37D27B-1BA4-4721-986C-6B3472BFD917}.ReleaseLinux|x64.ActiveCfg = Release|x64
		{AB37D27B-1BA4-4721-986C-6B3472BFD917}.ReleaseLinux|x64.Build.0 = Release|x64
		{AB37D27B-1BA4-4721-986C-6B3472BFD917}.ReleaseLinux|x86.ActiveCfg = Release|x86
		{AB37D27B-1BA4-4721-986C-6B3472BFD917}.ReleaseLinux|x86.Build.0 = Release|x86
		{CADAB040-609A-4477-AD0F-C73D0F9750F2}.Debug|Any CPU.ActiveCfg = Debug|Any CPU
		{CADAB040-609A-4477-AD0F-C73D0F9750F2}.Debug|Any CPU.Build.0 = Debug|Any CPU
		{CADAB040-609A-4477-AD0F-C73D0F9750F2}.Debug|x64.ActiveCfg = Debug|x64
		{CADAB040-609A-4477-AD0F-C73D0F9750F2}.Debug|x64.Build.0 = Debug|x64
		{CADAB040-609A-4477-AD0F-C73D0F9750F2}.Debug|x86.ActiveCfg = Debug|x86
		{CADAB040-609A-4477-AD0F-C73D0F9750F2}.Debug|x86.Build.0 = Debug|x86
		{CADAB040-609A-4477-AD0F-C73D0F9750F2}.DebugLinux|Any CPU.ActiveCfg = Debug|Any CPU
		{CADAB040-609A-4477-AD0F-C73D0F9750F2}.DebugLinux|Any CPU.Build.0 = Debug|Any CPU
		{CADAB040-609A-4477-AD0F-C73D0F9750F2}.DebugLinux|x64.ActiveCfg = Debug|x64
		{CADAB040-609A-4477-AD0F-C73D0F9750F2}.DebugLinux|x64.Build.0 = Debug|x64
		{CADAB040-609A-4477-AD0F-C73D0F9750F2}.DebugLinux|x86.ActiveCfg = Debug|x86
		{CADAB040-609A-4477-AD0F-C73D0F9750F2}.DebugLinux|x86.Build.0 = Debug|x86
		{CADAB040-609A-4477-AD0F-C73D0F9750F2}.Release|Any CPU.ActiveCfg = Release|Any CPU
		{CADAB040-609A-4477-AD0F-C73D0F9750F2}.Release|Any CPU.Build.0 = Release|Any CPU
		{CADAB040-609A-4477-AD0F-C73D0F9750F2}.Release|x64.ActiveCfg = Release|x64
		{CADAB040-609A-4477-AD0F-C73D0F9750F2}.Release|x64.Build.0 = Release|x64
		{CADAB040-609A-4477-AD0F-C73D0F9750F2}.Release|x86.ActiveCfg = Release|x86
		{CADAB040-609A-4477-AD0F-C73D0F9750F2}.Release|x86.Build.0 = Release|x86
		{CADAB040-609A-4477-AD0F-C73D0F9750F2}.ReleaseLinux|Any CPU.ActiveCfg = Release|Any CPU
		{CADAB040-609A-4477-AD0F-C73D0F9750F2}.ReleaseLinux|Any CPU.Build.0 = Release|Any CPU
		{CADAB040-609A-4477-AD0F-C73D0F9750F2}.ReleaseLinux|x64.ActiveCfg = Release|x64
		{CADAB040-609A-4477-AD0F-C73D0F9750F2}.ReleaseLinux|x64.Build.0 = Release|x64
		{CADAB040-609A-4477-AD0F-C73D0F9750F2}.ReleaseLinux|x86.ActiveCfg = Release|x86
		{CADAB040-609A-4477-AD0F-C73D0F9750F2}.ReleaseLinux|x86.Build.0 = Release|x86
		{496BF0DB-68F7-488B-9E8D-EADB34F301B9}.Debug|Any CPU.ActiveCfg = Debug|Any CPU
		{496BF0DB-68F7-488B-9E8D-EADB34F301B9}.Debug|Any CPU.Build.0 = Debug|Any CPU
		{496BF0DB-68F7-488B-9E8D-EADB34F301B9}.Debug|x64.ActiveCfg = Debug|x64
		{496BF0DB-68F7-488B-9E8D-EADB34F301B9}.Debug|x64.Build.0 = Debug|x64
		{496BF0DB-68F7-488B-9E8D-EADB34F301B9}.Debug|x86.ActiveCfg = Debug|x86
		{496BF0DB-68F7-488B-9E8D-EADB34F301B9}.Debug|x86.Build.0 = Debug|x86
		{496BF0DB-68F7-488B-9E8D-EADB34F301B9}.DebugLinux|Any CPU.ActiveCfg = Debug|Any CPU
		{496BF0DB-68F7-488B-9E8D-EADB34F301B9}.DebugLinux|Any CPU.Build.0 = Debug|Any CPU
		{496BF0DB-68F7-488B-9E8D-EADB34F301B9}.DebugLinux|x64.ActiveCfg = Debug|x64
		{496BF0DB-68F7-488B-9E8D-EADB34F301B9}.DebugLinux|x64.Build.0 = Debug|x64
		{496BF0DB-68F7-488B-9E8D-EADB34F301B9}.DebugLinux|x86.ActiveCfg = Debug|x86
		{496BF0DB-68F7-488B-9E8D-EADB34F301B9}.DebugLinux|x86.Build.0 = Debug|x86
		{496BF0DB-68F7-488B-9E8D-EADB34F301B9}.Release|Any CPU.ActiveCfg = Release|Any CPU
		{496BF0DB-68F7-488B-9E8D-EADB34F301B9}.Release|Any CPU.Build.0 = Release|Any CPU
		{496BF0DB-68F7-488B-9E8D-EADB34F301B9}.Release|x64.ActiveCfg = Release|x64
		{496BF0DB-68F7-488B-9E8D-EADB34F301B9}.Release|x64.Build.0 = Release|x64
		{496BF0DB-68F7-488B-9E8D-EADB34F301B9}.Release|x86.ActiveCfg = Release|x86
		{496BF0DB-68F7-488B-9E8D-EADB34F301B9}.Release|x86.Build.0 = Release|x86
		{496BF0DB-68F7-488B-9E8D-EADB34F301B9}.ReleaseLinux|Any CPU.ActiveCfg = Release|Any CPU
		{496BF0DB-68F7-488B-9E8D-EADB34F301B9}.ReleaseLinux|Any CPU.Build.0 = Release|Any CPU
		{496BF0DB-68F7-488B-9E8D-EADB34F301B9}.ReleaseLinux|x64.ActiveCfg = Release|x64
		{496BF0DB-68F7-488B-9E8D-EADB34F301B9}.ReleaseLinux|x64.Build.0 = Release|x64
		{496BF0DB-68F7-488B-9E8D-EADB34F301B9}.ReleaseLinux|x86.ActiveCfg = Release|x86
		{496BF0DB-68F7-488B-9E8D-EADB34F301B9}.ReleaseLinux|x86.Build.0 = Release|x86
		{6E6C35A2-34FA-442D-A178-167FEC73FF98}.Debug|Any CPU.ActiveCfg = Debug|Any CPU
		{6E6C35A2-34FA-442D-A178-167FEC73FF98}.Debug|Any CPU.Build.0 = Debug|Any CPU
		{6E6C35A2-34FA-442D-A178-167FEC73FF98}.Debug|x64.ActiveCfg = Debug|Any CPU
		{6E6C35A2-34FA-442D-A178-167FEC73FF98}.Debug|x64.Build.0 = Debug|Any CPU
		{6E6C35A2-34FA-442D-A178-167FEC73FF98}.Debug|x86.ActiveCfg = Debug|x86
		{6E6C35A2-34FA-442D-A178-167FEC73FF98}.Debug|x86.Build.0 = Debug|x86
		{6E6C35A2-34FA-442D-A178-167FEC73FF98}.DebugLinux|Any CPU.ActiveCfg = Debug|Any CPU
		{6E6C35A2-34FA-442D-A178-167FEC73FF98}.DebugLinux|Any CPU.Build.0 = Debug|Any CPU
		{6E6C35A2-34FA-442D-A178-167FEC73FF98}.DebugLinux|x64.ActiveCfg = Debug|Any CPU
		{6E6C35A2-34FA-442D-A178-167FEC73FF98}.DebugLinux|x64.Build.0 = Debug|Any CPU
		{6E6C35A2-34FA-442D-A178-167FEC73FF98}.DebugLinux|x86.ActiveCfg = Debug|x86
		{6E6C35A2-34FA-442D-A178-167FEC73FF98}.DebugLinux|x86.Build.0 = Debug|x86
		{6E6C35A2-34FA-442D-A178-167FEC73FF98}.Release|Any CPU.ActiveCfg = Release|Any CPU
		{6E6C35A2-34FA-442D-A178-167FEC73FF98}.Release|Any CPU.Build.0 = Release|Any CPU
		{6E6C35A2-34FA-442D-A178-167FEC73FF98}.Release|x64.ActiveCfg = Release|Any CPU
		{6E6C35A2-34FA-442D-A178-167FEC73FF98}.Release|x64.Build.0 = Release|Any CPU
		{6E6C35A2-34FA-442D-A178-167FEC73FF98}.Release|x86.ActiveCfg = Release|x86
		{6E6C35A2-34FA-442D-A178-167FEC73FF98}.Release|x86.Build.0 = Release|x86
		{6E6C35A2-34FA-442D-A178-167FEC73FF98}.ReleaseLinux|Any CPU.ActiveCfg = Release|Any CPU
		{6E6C35A2-34FA-442D-A178-167FEC73FF98}.ReleaseLinux|Any CPU.Build.0 = Release|Any CPU
		{6E6C35A2-34FA-442D-A178-167FEC73FF98}.ReleaseLinux|x64.ActiveCfg = Release|Any CPU
		{6E6C35A2-34FA-442D-A178-167FEC73FF98}.ReleaseLinux|x64.Build.0 = Release|Any CPU
		{6E6C35A2-34FA-442D-A178-167FEC73FF98}.ReleaseLinux|x86.ActiveCfg = Release|x86
		{6E6C35A2-34FA-442D-A178-167FEC73FF98}.ReleaseLinux|x86.Build.0 = Release|x86
		{B8008F07-E471-4771-A85F-32F74A5932CE}.Debug|Any CPU.ActiveCfg = Debug|Any CPU
		{B8008F07-E471-4771-A85F-32F74A5932CE}.Debug|Any CPU.Build.0 = Debug|Any CPU
		{B8008F07-E471-4771-A85F-32F74A5932CE}.Debug|x64.ActiveCfg = Debug|Any CPU
		{B8008F07-E471-4771-A85F-32F74A5932CE}.Debug|x64.Build.0 = Debug|Any CPU
		{B8008F07-E471-4771-A85F-32F74A5932CE}.Debug|x86.ActiveCfg = Debug|x86
		{B8008F07-E471-4771-A85F-32F74A5932CE}.Debug|x86.Build.0 = Debug|x86
		{B8008F07-E471-4771-A85F-32F74A5932CE}.DebugLinux|Any CPU.ActiveCfg = Debug|Any CPU
		{B8008F07-E471-4771-A85F-32F74A5932CE}.DebugLinux|Any CPU.Build.0 = Debug|Any CPU
		{B8008F07-E471-4771-A85F-32F74A5932CE}.DebugLinux|x64.ActiveCfg = Debug|Any CPU
		{B8008F07-E471-4771-A85F-32F74A5932CE}.DebugLinux|x64.Build.0 = Debug|Any CPU
		{B8008F07-E471-4771-A85F-32F74A5932CE}.DebugLinux|x86.ActiveCfg = Debug|x86
		{B8008F07-E471-4771-A85F-32F74A5932CE}.DebugLinux|x86.Build.0 = Debug|x86
		{B8008F07-E471-4771-A85F-32F74A5932CE}.Release|Any CPU.ActiveCfg = Release|Any CPU
		{B8008F07-E471-4771-A85F-32F74A5932CE}.Release|Any CPU.Build.0 = Release|Any CPU
		{B8008F07-E471-4771-A85F-32F74A5932CE}.Release|x64.ActiveCfg = Release|Any CPU
		{B8008F07-E471-4771-A85F-32F74A5932CE}.Release|x64.Build.0 = Release|Any CPU
		{B8008F07-E471-4771-A85F-32F74A5932CE}.Release|x86.ActiveCfg = Release|x86
		{B8008F07-E471-4771-A85F-32F74A5932CE}.Release|x86.Build.0 = Release|x86
		{B8008F07-E471-4771-A85F-32F74A5932CE}.ReleaseLinux|Any CPU.ActiveCfg = Release|Any CPU
		{B8008F07-E471-4771-A85F-32F74A5932CE}.ReleaseLinux|Any CPU.Build.0 = Release|Any CPU
		{B8008F07-E471-4771-A85F-32F74A5932CE}.ReleaseLinux|x64.ActiveCfg = Release|Any CPU
		{B8008F07-E471-4771-A85F-32F74A5932CE}.ReleaseLinux|x64.Build.0 = Release|Any CPU
		{B8008F07-E471-4771-A85F-32F74A5932CE}.ReleaseLinux|x86.ActiveCfg = Release|x86
		{B8008F07-E471-4771-A85F-32F74A5932CE}.ReleaseLinux|x86.Build.0 = Release|x86
		{E6F29002-AB53-41C6-9BA2-4BC907F60565}.Debug|Any CPU.ActiveCfg = Debug|Any CPU
		{E6F29002-AB53-41C6-9BA2-4BC907F60565}.Debug|Any CPU.Build.0 = Debug|Any CPU
		{E6F29002-AB53-41C6-9BA2-4BC907F60565}.Debug|x64.ActiveCfg = Debug|Any CPU
		{E6F29002-AB53-41C6-9BA2-4BC907F60565}.Debug|x64.Build.0 = Debug|Any CPU
		{E6F29002-AB53-41C6-9BA2-4BC907F60565}.Debug|x86.ActiveCfg = Debug|x86
		{E6F29002-AB53-41C6-9BA2-4BC907F60565}.Debug|x86.Build.0 = Debug|x86
		{E6F29002-AB53-41C6-9BA2-4BC907F60565}.DebugLinux|Any CPU.ActiveCfg = DebugLinux|Any CPU
		{E6F29002-AB53-41C6-9BA2-4BC907F60565}.DebugLinux|Any CPU.Build.0 = DebugLinux|Any CPU
		{E6F29002-AB53-41C6-9BA2-4BC907F60565}.DebugLinux|x64.ActiveCfg = DebugLinux|Any CPU
		{E6F29002-AB53-41C6-9BA2-4BC907F60565}.DebugLinux|x64.Build.0 = DebugLinux|Any CPU
		{E6F29002-AB53-41C6-9BA2-4BC907F60565}.DebugLinux|x86.ActiveCfg = DebugLinux|x86
		{E6F29002-AB53-41C6-9BA2-4BC907F60565}.DebugLinux|x86.Build.0 = DebugLinux|x86
		{E6F29002-AB53-41C6-9BA2-4BC907F60565}.Release|Any CPU.ActiveCfg = Release|Any CPU
		{E6F29002-AB53-41C6-9BA2-4BC907F60565}.Release|Any CPU.Build.0 = Release|Any CPU
		{E6F29002-AB53-41C6-9BA2-4BC907F60565}.Release|x64.ActiveCfg = Release|Any CPU
		{E6F29002-AB53-41C6-9BA2-4BC907F60565}.Release|x64.Build.0 = Release|Any CPU
		{E6F29002-AB53-41C6-9BA2-4BC907F60565}.Release|x86.ActiveCfg = Release|x86
		{E6F29002-AB53-41C6-9BA2-4BC907F60565}.Release|x86.Build.0 = Release|x86
		{E6F29002-AB53-41C6-9BA2-4BC907F60565}.ReleaseLinux|Any CPU.ActiveCfg = ReleaseLinux|Any CPU
		{E6F29002-AB53-41C6-9BA2-4BC907F60565}.ReleaseLinux|Any CPU.Build.0 = ReleaseLinux|Any CPU
		{E6F29002-AB53-41C6-9BA2-4BC907F60565}.ReleaseLinux|x64.ActiveCfg = ReleaseLinux|Any CPU
		{E6F29002-AB53-41C6-9BA2-4BC907F60565}.ReleaseLinux|x64.Build.0 = ReleaseLinux|Any CPU
		{E6F29002-AB53-41C6-9BA2-4BC907F60565}.ReleaseLinux|x86.ActiveCfg = ReleaseLinux|x86
		{E6F29002-AB53-41C6-9BA2-4BC907F60565}.ReleaseLinux|x86.Build.0 = ReleaseLinux|x86
		{1B68C470-0E21-4987-A7C3-DD63CC6F547C}.Debug|Any CPU.ActiveCfg = Debug|Any CPU
		{1B68C470-0E21-4987-A7C3-DD63CC6F547C}.Debug|Any CPU.Build.0 = Debug|Any CPU
		{1B68C470-0E21-4987-A7C3-DD63CC6F547C}.Debug|x64.ActiveCfg = Debug|Any CPU
		{1B68C470-0E21-4987-A7C3-DD63CC6F547C}.Debug|x64.Build.0 = Debug|Any CPU
		{1B68C470-0E21-4987-A7C3-DD63CC6F547C}.Debug|x86.ActiveCfg = Debug|x86
		{1B68C470-0E21-4987-A7C3-DD63CC6F547C}.Debug|x86.Build.0 = Debug|x86
		{1B68C470-0E21-4987-A7C3-DD63CC6F547C}.DebugLinux|Any CPU.ActiveCfg = DebugLinux|Any CPU
		{1B68C470-0E21-4987-A7C3-DD63CC6F547C}.DebugLinux|Any CPU.Build.0 = DebugLinux|Any CPU
		{1B68C470-0E21-4987-A7C3-DD63CC6F547C}.DebugLinux|x64.ActiveCfg = DebugLinux|Any CPU
		{1B68C470-0E21-4987-A7C3-DD63CC6F547C}.DebugLinux|x64.Build.0 = DebugLinux|Any CPU
		{1B68C470-0E21-4987-A7C3-DD63CC6F547C}.DebugLinux|x86.ActiveCfg = DebugLinux|x86
		{1B68C470-0E21-4987-A7C3-DD63CC6F547C}.DebugLinux|x86.Build.0 = DebugLinux|x86
		{1B68C470-0E21-4987-A7C3-DD63CC6F547C}.Release|Any CPU.ActiveCfg = Release|Any CPU
		{1B68C470-0E21-4987-A7C3-DD63CC6F547C}.Release|Any CPU.Build.0 = Release|Any CPU
		{1B68C470-0E21-4987-A7C3-DD63CC6F547C}.Release|x64.ActiveCfg = Release|Any CPU
		{1B68C470-0E21-4987-A7C3-DD63CC6F547C}.Release|x64.Build.0 = Release|Any CPU
		{1B68C470-0E21-4987-A7C3-DD63CC6F547C}.Release|x86.ActiveCfg = Release|x86
		{1B68C470-0E21-4987-A7C3-DD63CC6F547C}.Release|x86.Build.0 = Release|x86
		{1B68C470-0E21-4987-A7C3-DD63CC6F547C}.ReleaseLinux|Any CPU.ActiveCfg = ReleaseLinux|Any CPU
		{1B68C470-0E21-4987-A7C3-DD63CC6F547C}.ReleaseLinux|Any CPU.Build.0 = ReleaseLinux|Any CPU
		{1B68C470-0E21-4987-A7C3-DD63CC6F547C}.ReleaseLinux|x64.ActiveCfg = ReleaseLinux|Any CPU
		{1B68C470-0E21-4987-A7C3-DD63CC6F547C}.ReleaseLinux|x64.Build.0 = ReleaseLinux|Any CPU
		{1B68C470-0E21-4987-A7C3-DD63CC6F547C}.ReleaseLinux|x86.ActiveCfg = ReleaseLinux|x86
		{1B68C470-0E21-4987-A7C3-DD63CC6F547C}.ReleaseLinux|x86.Build.0 = ReleaseLinux|x86
		{56CCFD7A-B292-4DC0-BB12-4AC1453E9AA5}.Debug|Any CPU.ActiveCfg = Debug|Any CPU
		{56CCFD7A-B292-4DC0-BB12-4AC1453E9AA5}.Debug|Any CPU.Build.0 = Debug|Any CPU
		{56CCFD7A-B292-4DC0-BB12-4AC1453E9AA5}.Debug|x64.ActiveCfg = Debug|Any CPU
		{56CCFD7A-B292-4DC0-BB12-4AC1453E9AA5}.Debug|x64.Build.0 = Debug|Any CPU
		{56CCFD7A-B292-4DC0-BB12-4AC1453E9AA5}.Debug|x86.ActiveCfg = Debug|x86
		{56CCFD7A-B292-4DC0-BB12-4AC1453E9AA5}.Debug|x86.Build.0 = Debug|x86
		{56CCFD7A-B292-4DC0-BB12-4AC1453E9AA5}.DebugLinux|Any CPU.ActiveCfg = DebugLinux|Any CPU
		{56CCFD7A-B292-4DC0-BB12-4AC1453E9AA5}.DebugLinux|Any CPU.Build.0 = DebugLinux|Any CPU
		{56CCFD7A-B292-4DC0-BB12-4AC1453E9AA5}.DebugLinux|x64.ActiveCfg = DebugLinux|Any CPU
		{56CCFD7A-B292-4DC0-BB12-4AC1453E9AA5}.DebugLinux|x64.Build.0 = DebugLinux|Any CPU
		{56CCFD7A-B292-4DC0-BB12-4AC1453E9AA5}.DebugLinux|x86.ActiveCfg = DebugLinux|x86
		{56CCFD7A-B292-4DC0-BB12-4AC1453E9AA5}.DebugLinux|x86.Build.0 = DebugLinux|x86
		{56CCFD7A-B292-4DC0-BB12-4AC1453E9AA5}.Release|Any CPU.ActiveCfg = Release|Any CPU
		{56CCFD7A-B292-4DC0-BB12-4AC1453E9AA5}.Release|Any CPU.Build.0 = Release|Any CPU
		{56CCFD7A-B292-4DC0-BB12-4AC1453E9AA5}.Release|x64.ActiveCfg = Release|Any CPU
		{56CCFD7A-B292-4DC0-BB12-4AC1453E9AA5}.Release|x64.Build.0 = Release|Any CPU
		{56CCFD7A-B292-4DC0-BB12-4AC1453E9AA5}.Release|x86.ActiveCfg = Release|x86
		{56CCFD7A-B292-4DC0-BB12-4AC1453E9AA5}.Release|x86.Build.0 = Release|x86
		{56CCFD7A-B292-4DC0-BB12-4AC1453E9AA5}.ReleaseLinux|Any CPU.ActiveCfg = ReleaseLinux|Any CPU
		{56CCFD7A-B292-4DC0-BB12-4AC1453E9AA5}.ReleaseLinux|Any CPU.Build.0 = ReleaseLinux|Any CPU
		{56CCFD7A-B292-4DC0-BB12-4AC1453E9AA5}.ReleaseLinux|x64.ActiveCfg = ReleaseLinux|Any CPU
		{56CCFD7A-B292-4DC0-BB12-4AC1453E9AA5}.ReleaseLinux|x64.Build.0 = ReleaseLinux|Any CPU
		{56CCFD7A-B292-4DC0-BB12-4AC1453E9AA5}.ReleaseLinux|x86.ActiveCfg = ReleaseLinux|x86
		{56CCFD7A-B292-4DC0-BB12-4AC1453E9AA5}.ReleaseLinux|x86.Build.0 = ReleaseLinux|x86
		{AEBEE8B7-E17C-491A-8EE1-69D77A45C6EC}.Debug|Any CPU.ActiveCfg = Debug|Any CPU
		{AEBEE8B7-E17C-491A-8EE1-69D77A45C6EC}.Debug|Any CPU.Build.0 = Debug|Any CPU
		{AEBEE8B7-E17C-491A-8EE1-69D77A45C6EC}.Debug|x64.ActiveCfg = Debug|Any CPU
		{AEBEE8B7-E17C-491A-8EE1-69D77A45C6EC}.Debug|x64.Build.0 = Debug|Any CPU
		{AEBEE8B7-E17C-491A-8EE1-69D77A45C6EC}.Debug|x86.ActiveCfg = Debug|x86
		{AEBEE8B7-E17C-491A-8EE1-69D77A45C6EC}.Debug|x86.Build.0 = Debug|x86
		{AEBEE8B7-E17C-491A-8EE1-69D77A45C6EC}.DebugLinux|Any CPU.ActiveCfg = DebugLinux|Any CPU
		{AEBEE8B7-E17C-491A-8EE1-69D77A45C6EC}.DebugLinux|Any CPU.Build.0 = DebugLinux|Any CPU
		{AEBEE8B7-E17C-491A-8EE1-69D77A45C6EC}.DebugLinux|x64.ActiveCfg = DebugLinux|Any CPU
		{AEBEE8B7-E17C-491A-8EE1-69D77A45C6EC}.DebugLinux|x64.Build.0 = DebugLinux|Any CPU
		{AEBEE8B7-E17C-491A-8EE1-69D77A45C6EC}.DebugLinux|x86.ActiveCfg = DebugLinux|x86
		{AEBEE8B7-E17C-491A-8EE1-69D77A45C6EC}.DebugLinux|x86.Build.0 = DebugLinux|x86
		{AEBEE8B7-E17C-491A-8EE1-69D77A45C6EC}.Release|Any CPU.ActiveCfg = Release|Any CPU
		{AEBEE8B7-E17C-491A-8EE1-69D77A45C6EC}.Release|Any CPU.Build.0 = Release|Any CPU
		{AEBEE8B7-E17C-491A-8EE1-69D77A45C6EC}.Release|x64.ActiveCfg = Release|Any CPU
		{AEBEE8B7-E17C-491A-8EE1-69D77A45C6EC}.Release|x64.Build.0 = Release|Any CPU
		{AEBEE8B7-E17C-491A-8EE1-69D77A45C6EC}.Release|x86.ActiveCfg = Release|x86
		{AEBEE8B7-E17C-491A-8EE1-69D77A45C6EC}.Release|x86.Build.0 = Release|x86
		{AEBEE8B7-E17C-491A-8EE1-69D77A45C6EC}.ReleaseLinux|Any CPU.ActiveCfg = ReleaseLinux|Any CPU
		{AEBEE8B7-E17C-491A-8EE1-69D77A45C6EC}.ReleaseLinux|Any CPU.Build.0 = ReleaseLinux|Any CPU
		{AEBEE8B7-E17C-491A-8EE1-69D77A45C6EC}.ReleaseLinux|x64.ActiveCfg = ReleaseLinux|Any CPU
		{AEBEE8B7-E17C-491A-8EE1-69D77A45C6EC}.ReleaseLinux|x64.Build.0 = ReleaseLinux|Any CPU
		{AEBEE8B7-E17C-491A-8EE1-69D77A45C6EC}.ReleaseLinux|x86.ActiveCfg = ReleaseLinux|x86
		{AEBEE8B7-E17C-491A-8EE1-69D77A45C6EC}.ReleaseLinux|x86.Build.0 = ReleaseLinux|x86
	EndGlobalSection
	GlobalSection(SolutionProperties) = preSolution
		HideSolutionNode = FALSE
	EndGlobalSection
	GlobalSection(NestedProjects) = preSolution
		{38FB7181-95A8-40D2-A753-07E74CD68173} = {8710B8F7-F7E0-4426-A255-2BC113FB6040}
		{1D11283B-DA7D-463E-9F1A-E23C86380EF0} = {8710B8F7-F7E0-4426-A255-2BC113FB6040}
		{40D3A3A3-05CF-45C7-A7C8-928B7961645C} = {43D565B6-5EAE-47B5-A712-D2CB732D4363}
		{AB37D27B-1BA4-4721-986C-6B3472BFD917} = {8710B8F7-F7E0-4426-A255-2BC113FB6040}
		{CADAB040-609A-4477-AD0F-C73D0F9750F2} = {DE89D182-B118-46D3-88B1-59E52402E7BE}
		{B8008F07-E471-4771-A85F-32F74A5932CE} = {8710B8F7-F7E0-4426-A255-2BC113FB6040}
		{E6F29002-AB53-41C6-9BA2-4BC907F60565} = {8173D483-E85E-49C0-96D4-F8AD23066A73}
		{1B68C470-0E21-4987-A7C3-DD63CC6F547C} = {8173D483-E85E-49C0-96D4-F8AD23066A73}
		{56CCFD7A-B292-4DC0-BB12-4AC1453E9AA5} = {8173D483-E85E-49C0-96D4-F8AD23066A73}
		{AEBEE8B7-E17C-491A-8EE1-69D77A45C6EC} = {8173D483-E85E-49C0-96D4-F8AD23066A73}
	EndGlobalSection
	GlobalSection(ExtensibilityGlobals) = postSolution
		SolutionGuid = {06A281A4-E888-4828-92C7-21ABBA5B603D}
	EndGlobalSection
EndGlobal
